
Microsoft Visual Studio Solution File, Format Version 12.00
# Visual Studio 15
VisualStudioVersion = 15.0.27703.2042
MinimumVisualStudioVersion = 10.0.40219.1
Project("{9A19103F-16F7-4668-BE54-9A1E7A4F7556}") = "Steeltoe.Management.OpenCensus", "src\Steeltoe.Management.OpenCensus\Steeltoe.Management.OpenCensus.csproj", "{AE3E3DF5-4083-4C6E-A840-8271B0ACDE7E}"
EndProject
Project("{9A19103F-16F7-4668-BE54-9A1E7A4F7556}") = "SampleApp", "src\SampleApp\SampleApp.csproj", "{866EE90D-8D96-4647-B4B3-CA224A9BDCCD}"
EndProject
Project("{9A19103F-16F7-4668-BE54-9A1E7A4F7556}") = "LocalForwarderProto", "src\LocalForwarderProto\LocalForwarderProto.csproj", "{A60E20CC-A00B-42D0-B48C-1C07F27DD8B2}"
EndProject
Project("{FAE04EC0-301F-11D3-BF4B-00C04F79EFBC}") = "WebSampleApp", "WebSampleApp\WebSampleApp.csproj", "{A2E2FE0F-2B58-468F-A413-B619605F3845}"
EndProject
Global
	GlobalSection(SolutionConfigurationPlatforms) = preSolution
		Debug|Any CPU = Debug|Any CPU
		Release|Any CPU = Release|Any CPU
	EndGlobalSection
	GlobalSection(ProjectConfigurationPlatforms) = postSolution
		{AE3E3DF5-4083-4C6E-A840-8271B0ACDE7E}.Debug|Any CPU.ActiveCfg = Debug|Any CPU
		{AE3E3DF5-4083-4C6E-A840-8271B0ACDE7E}.Debug|Any CPU.Build.0 = Debug|Any CPU
		{AE3E3DF5-4083-4C6E-A840-8271B0ACDE7E}.Release|Any CPU.ActiveCfg = Release|Any CPU
		{AE3E3DF5-4083-4C6E-A840-8271B0ACDE7E}.Release|Any CPU.Build.0 = Release|Any CPU
		{866EE90D-8D96-4647-B4B3-CA224A9BDCCD}.Debug|Any CPU.ActiveCfg = Debug|Any CPU
		{866EE90D-8D96-4647-B4B3-CA224A9BDCCD}.Debug|Any CPU.Build.0 = Debug|Any CPU
		{866EE90D-8D96-4647-B4B3-CA224A9BDCCD}.Release|Any CPU.ActiveCfg = Release|Any CPU
		{866EE90D-8D96-4647-B4B3-CA224A9BDCCD}.Release|Any CPU.Build.0 = Release|Any CPU
		{A60E20CC-A00B-42D0-B48C-1C07F27DD8B2}.Debug|Any CPU.ActiveCfg = Debug|Any CPU
		{A60E20CC-A00B-42D0-B48C-1C07F27DD8B2}.Debug|Any CPU.Build.0 = Debug|Any CPU
		{A60E20CC-A00B-42D0-B48C-1C07F27DD8B2}.Release|Any CPU.ActiveCfg = Release|Any CPU
		{A60E20CC-A00B-42D0-B48C-1C07F27DD8B2}.Release|Any CPU.Build.0 = Release|Any CPU
		{A2E2FE0F-2B58-468F-A413-B619605F3845}.Debug|Any CPU.ActiveCfg = Debug|Any CPU
		{A2E2FE0F-2B58-468F-A413-B619605F3845}.Debug|Any CPU.Build.0 = Debug|Any CPU
		{A2E2FE0F-2B58-468F-A413-B619605F3845}.Release|Any CPU.ActiveCfg = Release|Any CPU
		{A2E2FE0F-2B58-468F-A413-B619605F3845}.Release|Any CPU.Build.0 = Release|Any CPU
	EndGlobalSection
	GlobalSection(SolutionProperties) = preSolution
		HideSolutionNode = FALSE
	EndGlobalSection
	GlobalSection(ExtensibilityGlobals) = postSolution
		SolutionGuid = {55639B5C-0770-4A22-AB56-859604650521}
	EndGlobalSection
EndGlobal
